
Microsoft Visual Studio Solution File, Format Version 12.00
# Visual Studio Version 17
VisualStudioVersion = 17.2.32630.192
MinimumVisualStudioVersion = 10.0.40219.1
Project("{9A19103F-16F7-4668-BE54-9A1E7A4F7556}") = "zoneck server", "zoneck server\zoneck server.csproj", "{25EB6AE6-ED4E-4B7E-969B-0F4DFF40302A}"
EndProject
Project("{9A19103F-16F7-4668-BE54-9A1E7A4F7556}") = "zoneck client", "zoneck client\zoneck client.csproj", "{5D63FA2A-F7E5-4F75-9F8C-55EB22DB3D53}"
EndProject
Project("{2150E333-8FDC-42A3-9474-1A3956D46DE8}") = "Solution Items", "Solution Items", "{E37067DF-2955-4A89-8592-4E13E5098CEC}"
	ProjectSection(SolutionItems) = preProject
		.editorconfig = .editorconfig
	EndProjectSection
EndProject
Global
	GlobalSection(SolutionConfigurationPlatforms) = preSolution
		Debug|Any CPU = Debug|Any CPU
		Release|Any CPU = Release|Any CPU
	EndGlobalSection
	GlobalSection(ProjectConfigurationPlatforms) = postSolution
		{25EB6AE6-ED4E-4B7E-969B-0F4DFF40302A}.Debug|Any CPU.ActiveCfg = Debug|Any CPU
		{25EB6AE6-ED4E-4B7E-969B-0F4DFF40302A}.Debug|Any CPU.Build.0 = Debug|Any CPU
		{25EB6AE6-ED4E-4B7E-969B-0F4DFF40302A}.Release|Any CPU.ActiveCfg = Release|Any CPU
		{25EB6AE6-ED4E-4B7E-969B-0F4DFF40302A}.Release|Any CPU.Build.0 = Release|Any CPU
		{5D63FA2A-F7E5-4F75-9F8C-55EB22DB3D53}.Debug|Any CPU.ActiveCfg = Debug|Any CPU
		{5D63FA2A-F7E5-4F75-9F8C-55EB22DB3D53}.Debug|Any CPU.Build.0 = Debug|Any CPU
		{5D63FA2A-F7E5-4F75-9F8C-55EB22DB3D53}.Release|Any CPU.ActiveCfg = Release|Any CPU
		{5D63FA2A-F7E5-4F75-9F8C-55EB22DB3D53}.Release|Any CPU.Build.0 = Release|Any CPU
	EndGlobalSection
	GlobalSection(SolutionProperties) = preSolution
		HideSolutionNode = FALSE
	EndGlobalSection
	GlobalSection(ExtensibilityGlobals) = postSolution
		SolutionGuid = {00810A48-A2C2-4BD6-80EB-F70A613CCE67}
	EndGlobalSection
EndGlobal
